# This file is automatically @generated by Poetry 1.8.3 and should not be changed by hand.

[[package]]
name = "dataclasses"
version = "0.8"
description = "A backport of the dataclasses module for Python 3.6"
optional = false
python-versions = ">=3.6, <3.7"
files = [
    {file = "dataclasses-0.8-py3-none-any.whl", hash = "sha256:0201d89fa866f68c8ebd9d08ee6ff50c0b255f8ec63a71c16fda7af82bb887bf"},
    {file = "dataclasses-0.8.tar.gz", hash = "sha256:8479067f342acf957dc82ec415d355ab5edb7e7646b90dc6e2fd1d96ad084c97"},
]

[metadata]
lock-version = "2.0"
python-versions = "^3.6"
content-hash = "f5df4dcbf50cdef1a32d3d1b39b12a5fbdb7b09821ef7dc81914cf7a47ea37d5"
